# THIS IS AN AUTOGENERATED FILE. DO NOT EDIT THIS FILE DIRECTLY.
# yarn lockfile v1


"@types/node@^20.10.5":
  version "20.10.5"
  resolved "https://registry.npmjs.org/@types/node/-/node-20.10.5.tgz"
  integrity sha512-nNPsNE65wjMxEKI93yOP+NPGGBJz/PoN3kZsVLee0XMiJolxSekEVD8wRwBUBqkwc7UWop0edW50yrCQW4CyRw==
  dependencies:
    undici-types "~5.26.4"

commander@^11.1.0:
  version "11.1.0"
  resolved "https://registry.yarnpkg.com/commander/-/commander-11.1.0.tgz#62fdce76006a68e5c1ab3314dc92e800eb83d906"
  integrity sha512-yPVavfyCcRhmorC7rWlkHn15b4wDVgVmBA7kV4QVBsF7kv/9TKJAbAXVTxvTnwP8HHKjRCJDClKbciiYS7p0DQ==

typescript@^5.3.3:
  version "5.3.3"
  resolved "https://registry.npmjs.org/typescript/-/typescript-5.3.3.tgz"
  integrity sha512-pXWcraxM0uxAS+tN0AG/BF2TyqmHO014Z070UsJ+pFvYuRSq8KH8DmWpnbXe0pEPDHXZV3FcAbJkijJ5oNEnWw==

undici-types@~5.26.4:
  version "5.26.5"
  resolved "https://registry.npmjs.org/undici-types/-/undici-types-5.26.5.tgz"
  integrity sha512-JlCMO+ehdEIKqlFxk6IfVoAUVmgz7cU7zD/h9XZ0qzeosSHmUJVOzSQvvYSYWXkFXC+IfLKSIffhv0sVZup6pA==
